
Microsoft Visual Studio Solution File, Format Version 12.00
# Visual Studio Version 16
VisualStudioVersion = 16.0.30717.126
MinimumVisualStudioVersion = 10.0.40219.1
Project("{9A19103F-16F7-4668-BE54-9A1E7A4F7556}") = "TechBlogWeb.API", "TechBlogWeb.API\TechBlogWeb.API.csproj", "{4D890359-DE15-40A1-B231-9177DF280324}"
EndProject
Project("{9A19103F-16F7-4668-BE54-9A1E7A4F7556}") = "TechBlogWeb.Web", "TechBlogWeb.Web\TechBlogWeb.Web.csproj", "{CABE1E03-4E7E-4B22-BE8B-AA0D628610E1}"
EndProject
Project("{FAE04EC0-301F-11D3-BF4B-00C04F79EFBC}") = "TechBlogWeb.Domain", "TechBlogWeb.Domain\TechBlogWeb.Domain.csproj", "{9DE2541D-1210-47AA-AB8D-47575BBEBA0F}"
EndProject
Project("{FAE04EC0-301F-11D3-BF4B-00C04F79EFBC}") = "TechBlogWeb.DAL.Interface", "TechBlogWeb.DAL.Interface\TechBlogWeb.DAL.Interface.csproj", "{EA2FE1C2-29CE-487F-A6AC-83D3DFCB2446}"
EndProject
Project("{FAE04EC0-301F-11D3-BF4B-00C04F79EFBC}") = "TechBlogWeb.DAL", "TechBlogWeb.DAL\TechBlogWeb.DAL.csproj", "{FEB2463A-BE27-4BF9-93B1-0916451D966B}"
EndProject
Project("{FAE04EC0-301F-11D3-BF4B-00C04F79EFBC}") = "TechBlogWeb.BAL.Interface", "TechBlogWeb.BAL.Interface\TechBlogWeb.BAL.Interface.csproj", "{DDA0F5E0-CC64-4E41-B9F9-177208586B1B}"
EndProject
Project("{FAE04EC0-301F-11D3-BF4B-00C04F79EFBC}") = "TechBlogWeb.BAL", "TechBlogWeb.BAL\TechBlogWeb.BAL.csproj", "{62811315-7303-4391-A2A0-1C4E4980FFEF}"
EndProject
Global
	GlobalSection(SolutionConfigurationPlatforms) = preSolution
		Debug|Any CPU = Debug|Any CPU
		Release|Any CPU = Release|Any CPU
	EndGlobalSection
	GlobalSection(ProjectConfigurationPlatforms) = postSolution
		{4D890359-DE15-40A1-B231-9177DF280324}.Debug|Any CPU.ActiveCfg = Debug|Any CPU
		{4D890359-DE15-40A1-B231-9177DF280324}.Debug|Any CPU.Build.0 = Debug|Any CPU
		{4D890359-DE15-40A1-B231-9177DF280324}.Release|Any CPU.ActiveCfg = Release|Any CPU
		{4D890359-DE15-40A1-B231-9177DF280324}.Release|Any CPU.Build.0 = Release|Any CPU
		{CABE1E03-4E7E-4B22-BE8B-AA0D628610E1}.Debug|Any CPU.ActiveCfg = Debug|Any CPU
		{CABE1E03-4E7E-4B22-BE8B-AA0D628610E1}.Debug|Any CPU.Build.0 = Debug|Any CPU
		{CABE1E03-4E7E-4B22-BE8B-AA0D628610E1}.Release|Any CPU.ActiveCfg = Release|Any CPU
		{CABE1E03-4E7E-4B22-BE8B-AA0D628610E1}.Release|Any CPU.Build.0 = Release|Any CPU
		{9DE2541D-1210-47AA-AB8D-47575BBEBA0F}.Debug|Any CPU.ActiveCfg = Debug|Any CPU
		{9DE2541D-1210-47AA-AB8D-47575BBEBA0F}.Debug|Any CPU.Build.0 = Debug|Any CPU
		{9DE2541D-1210-47AA-AB8D-47575BBEBA0F}.Release|Any CPU.ActiveCfg = Release|Any CPU
		{9DE2541D-1210-47AA-AB8D-47575BBEBA0F}.Release|Any CPU.Build.0 = Release|Any CPU
		{EA2FE1C2-29CE-487F-A6AC-83D3DFCB2446}.Debug|Any CPU.ActiveCfg = Debug|Any CPU
		{EA2FE1C2-29CE-487F-A6AC-83D3DFCB2446}.Debug|Any CPU.Build.0 = Debug|Any CPU
		{EA2FE1C2-29CE-487F-A6AC-83D3DFCB2446}.Release|Any CPU.ActiveCfg = Release|Any CPU
		{EA2FE1C2-29CE-487F-A6AC-83D3DFCB2446}.Release|Any CPU.Build.0 = Release|Any CPU
		{FEB2463A-BE27-4BF9-93B1-0916451D966B}.Debug|Any CPU.ActiveCfg = Debug|Any CPU
		{FEB2463A-BE27-4BF9-93B1-0916451D966B}.Debug|Any CPU.Build.0 = Debug|Any CPU
		{FEB2463A-BE27-4BF9-93B1-0916451D966B}.Release|Any CPU.ActiveCfg = Release|Any CPU
		{FEB2463A-BE27-4BF9-93B1-0916451D966B}.Release|Any CPU.Build.0 = Release|Any CPU
		{DDA0F5E0-CC64-4E41-B9F9-177208586B1B}.Debug|Any CPU.ActiveCfg = Debug|Any CPU
		{DDA0F5E0-CC64-4E41-B9F9-177208586B1B}.Debug|Any CPU.Build.0 = Debug|Any CPU
		{DDA0F5E0-CC64-4E41-B9F9-177208586B1B}.Release|Any CPU.ActiveCfg = Release|Any CPU
		{DDA0F5E0-CC64-4E41-B9F9-177208586B1B}.Release|Any CPU.Build.0 = Release|Any CPU
		{62811315-7303-4391-A2A0-1C4E4980FFEF}.Debug|Any CPU.ActiveCfg = Debug|Any CPU
		{62811315-7303-4391-A2A0-1C4E4980FFEF}.Debug|Any CPU.Build.0 = Debug|Any CPU
		{62811315-7303-4391-A2A0-1C4E4980FFEF}.Release|Any CPU.ActiveCfg = Release|Any CPU
		{62811315-7303-4391-A2A0-1C4E4980FFEF}.Release|Any CPU.Build.0 = Release|Any CPU
	EndGlobalSection
	GlobalSection(SolutionProperties) = preSolution
		HideSolutionNode = FALSE
	EndGlobalSection
	GlobalSection(ExtensibilityGlobals) = postSolution
		SolutionGuid = {2394F124-9E38-46F2-B540-051FF511A175}
	EndGlobalSection
EndGlobal
